// !$*UTF8*$!
{
	archiveVersion = 1;
	classes = {
	};
	objectVersion = 56;
	objects = {

/* Begin PBXBuildFile section */
		B223B33E2A13B6F100708DC8 /* imdb_projectApp.swift in Sources */ = {isa = PBXBuildFile; fileRef = B223B33D2A13B6F100708DC8 /* imdb_projectApp.swift */; };
		B223B3402A13B6F100708DC8 /* ContentView.swift in Sources */ = {isa = PBXBuildFile; fileRef = B223B33F2A13B6F100708DC8 /* ContentView.swift */; };
		B223B3422A13B6F300708DC8 /* Assets.xcassets in Resources */ = {isa = PBXBuildFile; fileRef = B223B3412A13B6F300708DC8 /* Assets.xcassets */; };
		B223B3452A13B6F300708DC8 /* Preview Assets.xcassets in Resources */ = {isa = PBXBuildFile; fileRef = B223B3442A13B6F300708DC8 /* Preview Assets.xcassets */; };
		B223B34D2A13C3B300708DC8 /* Movie.swift in Sources */ = {isa = PBXBuildFile; fileRef = B223B34C2A13C3B300708DC8 /* Movie.swift */; };
		B223B3502A13C44A00708DC8 /* MovieService.swift in Sources */ = {isa = PBXBuildFile; fileRef = B223B34F2A13C44A00708DC8 /* MovieService.swift */; };
		B223B3522A13C73F00708DC8 /* MovieStore.swift in Sources */ = {isa = PBXBuildFile; fileRef = B223B3512A13C73F00708DC8 /* MovieStore.swift */; };
		B223B3542A13CF0500708DC8 /* Utils.swift in Sources */ = {isa = PBXBuildFile; fileRef = B223B3532A13CF0500708DC8 /* Utils.swift */; };
		B223B3572A13EBAE00708DC8 /* Movie+Stub.swift in Sources */ = {isa = PBXBuildFile; fileRef = B223B3562A13EBAE00708DC8 /* Movie+Stub.swift */; };
		B223B35A2A13EC2800708DC8 /* movie_info.json in Resources */ = {isa = PBXBuildFile; fileRef = B223B3592A13EC2800708DC8 /* movie_info.json */; };
		B223B35C2A13EC4600708DC8 /* movie_list.json in Resources */ = {isa = PBXBuildFile; fileRef = B223B35B2A13EC4600708DC8 /* movie_list.json */; };
		B223B35E2A13EC6000708DC8 /* search_movie.json in Resources */ = {isa = PBXBuildFile; fileRef = B223B35D2A13EC6000708DC8 /* search_movie.json */; };
		B223B3612A13EE1000708DC8 /* MovieBackdropCard.swift in Sources */ = {isa = PBXBuildFile; fileRef = B223B3602A13EE1000708DC8 /* MovieBackdropCard.swift */; };
		B223B3642A13EE7700708DC8 /* ImageLoader.swift in Sources */ = {isa = PBXBuildFile; fileRef = B223B3632A13EE7700708DC8 /* ImageLoader.swift */; };
		B223B3662A13F21200708DC8 /* MovieBackdropCarouselView.swift in Sources */ = {isa = PBXBuildFile; fileRef = B223B3652A13F21200708DC8 /* MovieBackdropCarouselView.swift */; };
		B223B3682A13F3DF00708DC8 /* MoviePosterCard.swift in Sources */ = {isa = PBXBuildFile; fileRef = B223B3672A13F3DF00708DC8 /* MoviePosterCard.swift */; };
		B223B36A2A13F67000708DC8 /* MoviePosterCarouselView.swift in Sources */ = {isa = PBXBuildFile; fileRef = B223B3692A13F67000708DC8 /* MoviePosterCarouselView.swift */; };
		B223B36C2A13F7C400708DC8 /* MovieListView.swift in Sources */ = {isa = PBXBuildFile; fileRef = B223B36B2A13F7C400708DC8 /* MovieListView.swift */; };
		B223B36E2A13F7E600708DC8 /* MovieListState.swift in Sources */ = {isa = PBXBuildFile; fileRef = B223B36D2A13F7E600708DC8 /* MovieListState.swift */; };
		B223B3712A13FAA900708DC8 /* ActivityIndicatorView.swift in Sources */ = {isa = PBXBuildFile; fileRef = B223B3702A13FAA900708DC8 /* ActivityIndicatorView.swift */; };
		B223B3732A13FB3800708DC8 /* LoadingView.swift in Sources */ = {isa = PBXBuildFile; fileRef = B223B3722A13FB3800708DC8 /* LoadingView.swift */; };
		B223B3752A14072500708DC8 /* MovieDetailView.swift in Sources */ = {isa = PBXBuildFile; fileRef = B223B3742A14072500708DC8 /* MovieDetailView.swift */; };
		B223B3772A14075400708DC8 /* MovieDetailState.swift in Sources */ = {isa = PBXBuildFile; fileRef = B223B3762A14075400708DC8 /* MovieDetailState.swift */; };
		B223B3792A1543BA00708DC8 /* SafariView.swift in Sources */ = {isa = PBXBuildFile; fileRef = B223B3782A1543BA00708DC8 /* SafariView.swift */; };
		B223B37B2A1547E500708DC8 /* MovieSearchView.swift in Sources */ = {isa = PBXBuildFile; fileRef = B223B37A2A1547E500708DC8 /* MovieSearchView.swift */; };
		B223B37D2A15482200708DC8 /* SearchBarView.swift in Sources */ = {isa = PBXBuildFile; fileRef = B223B37C2A15482200708DC8 /* SearchBarView.swift */; };
		B223B37F2A15498F00708DC8 /* MovieSearchState.swift in Sources */ = {isa = PBXBuildFile; fileRef = B223B37E2A15498F00708DC8 /* MovieSearchState.swift */; };
		B223B3822A1660BF00708DC8 /* AlanSDK.xcframework in Frameworks */ = {isa = PBXBuildFile; fileRef = B223B3802A16609F00708DC8 /* AlanSDK.xcframework */; };
		B223B3832A1660BF00708DC8 /* AlanSDK.xcframework in Embed Frameworks */ = {isa = PBXBuildFile; fileRef = B223B3802A16609F00708DC8 /* AlanSDK.xcframework */; settings = {ATTRIBUTES = (CodeSignOnCopy, RemoveHeadersOnCopy, ); }; };
		B223B3882A16656D00708DC8 /* Alan+UIApplication.swift in Sources */ = {isa = PBXBuildFile; fileRef = B223B3872A16656D00708DC8 /* Alan+UIApplication.swift */; };
/* End PBXBuildFile section */

/* Begin PBXCopyFilesBuildPhase section */
		B223B3842A1660BF00708DC8 /* Embed Frameworks */ = {
			isa = PBXCopyFilesBuildPhase;
			buildActionMask = 2147483647;
			dstPath = "";
			dstSubfolderSpec = 10;
			files = (
				B223B3832A1660BF00708DC8 /* AlanSDK.xcframework in Embed Frameworks */,
			);
			name = "Embed Frameworks";
			runOnlyForDeploymentPostprocessing = 0;
		};
/* End PBXCopyFilesBuildPhase section */

/* Begin PBXFileReference section */
		B223B33A2A13B6F100708DC8 /* imdb_project.app */ = {isa = PBXFileReference; explicitFileType = wrapper.application; includeInIndex = 0; path = imdb_project.app; sourceTree = BUILT_PRODUCTS_DIR; };
		B223B33D2A13B6F100708DC8 /* imdb_projectApp.swift */ = {isa = PBXFileReference; lastKnownFileType = sourcecode.swift; path = imdb_projectApp.swift; sourceTree = "<group>"; };
		B223B33F2A13B6F100708DC8 /* ContentView.swift */ = {isa = PBXFileReference; lastKnownFileType = sourcecode.swift; path = ContentView.swift; sourceTree = "<group>"; };
		B223B3412A13B6F300708DC8 /* Assets.xcassets */ = {isa = PBXFileReference; lastKnownFileType = folder.assetcatalog; path = Assets.xcassets; sourceTree = "<group>"; };
		B223B3442A13B6F300708DC8 /* Preview Assets.xcassets */ = {isa = PBXFileReference; lastKnownFileType = folder.assetcatalog; path = "Preview Assets.xcassets"; sourceTree = "<group>"; };
		B223B34C2A13C3B300708DC8 /* Movie.swift */ = {isa = PBXFileReference; lastKnownFileType = sourcecode.swift; path = Movie.swift; sourceTree = "<group>"; };
		B223B34F2A13C44A00708DC8 /* MovieService.swift */ = {isa = PBXFileReference; lastKnownFileType = sourcecode.swift; path = MovieService.swift; sourceTree = "<group>"; };
		B223B3512A13C73F00708DC8 /* MovieStore.swift */ = {isa = PBXFileReference; lastKnownFileType = sourcecode.swift; path = MovieStore.swift; sourceTree = "<group>"; };
		B223B3532A13CF0500708DC8 /* Utils.swift */ = {isa = PBXFileReference; lastKnownFileType = sourcecode.swift; path = Utils.swift; sourceTree = "<group>"; };
		B223B3562A13EBAE00708DC8 /* Movie+Stub.swift */ = {isa = PBXFileReference; lastKnownFileType = sourcecode.swift; path = "Movie+Stub.swift"; sourceTree = "<group>"; };
		B223B3592A13EC2800708DC8 /* movie_info.json */ = {isa = PBXFileReference; lastKnownFileType = text.json; path = movie_info.json; sourceTree = "<group>"; };
		B223B35B2A13EC4600708DC8 /* movie_list.json */ = {isa = PBXFileReference; lastKnownFileType = text.json; path = movie_list.json; sourceTree = "<group>"; };
		B223B35D2A13EC6000708DC8 /* search_movie.json */ = {isa = PBXFileReference; lastKnownFileType = text.json; path = search_movie.json; sourceTree = "<group>"; };
		B223B3602A13EE1000708DC8 /* MovieBackdropCard.swift */ = {isa = PBXFileReference; lastKnownFileType = sourcecode.swift; path = MovieBackdropCard.swift; sourceTree = "<group>"; };
		B223B3632A13EE7700708DC8 /* ImageLoader.swift */ = {isa = PBXFileReference; lastKnownFileType = sourcecode.swift; path = ImageLoader.swift; sourceTree = "<group>"; };
		B223B3652A13F21200708DC8 /* MovieBackdropCarouselView.swift */ = {isa = PBXFileReference; lastKnownFileType = sourcecode.swift; path = MovieBackdropCarouselView.swift; sourceTree = "<group>"; };
		B223B3672A13F3DF00708DC8 /* MoviePosterCard.swift */ = {isa = PBXFileReference; lastKnownFileType = sourcecode.swift; path = MoviePosterCard.swift; sourceTree = "<group>"; };
		B223B3692A13F67000708DC8 /* MoviePosterCarouselView.swift */ = {isa = PBXFileReference; lastKnownFileType = sourcecode.swift; path = MoviePosterCarouselView.swift; sourceTree = "<group>"; };
		B223B36B2A13F7C400708DC8 /* MovieListView.swift */ = {isa = PBXFileReference; lastKnownFileType = sourcecode.swift; path = MovieListView.swift; sourceTree = "<group>"; };
		B223B36D2A13F7E600708DC8 /* MovieListState.swift */ = {isa = PBXFileReference; lastKnownFileType = sourcecode.swift; path = MovieListState.swift; sourceTree = "<group>"; };
		B223B3702A13FAA900708DC8 /* ActivityIndicatorView.swift */ = {isa = PBXFileReference; lastKnownFileType = sourcecode.swift; path = ActivityIndicatorView.swift; sourceTree = "<group>"; };
		B223B3722A13FB3800708DC8 /* LoadingView.swift */ = {isa = PBXFileReference; lastKnownFileType = sourcecode.swift; path = LoadingView.swift; sourceTree = "<group>"; };
		B223B3742A14072500708DC8 /* MovieDetailView.swift */ = {isa = PBXFileReference; lastKnownFileType = sourcecode.swift; path = MovieDetailView.swift; sourceTree = "<group>"; };
		B223B3762A14075400708DC8 /* MovieDetailState.swift */ = {isa = PBXFileReference; lastKnownFileType = sourcecode.swift; path = MovieDetailState.swift; sourceTree = "<group>"; };
		B223B3782A1543BA00708DC8 /* SafariView.swift */ = {isa = PBXFileReference; lastKnownFileType = sourcecode.swift; path = SafariView.swift; sourceTree = "<group>"; };
		B223B37A2A1547E500708DC8 /* MovieSearchView.swift */ = {isa = PBXFileReference; lastKnownFileType = sourcecode.swift; path = MovieSearchView.swift; sourceTree = "<group>"; };
		B223B37C2A15482200708DC8 /* SearchBarView.swift */ = {isa = PBXFileReference; lastKnownFileType = sourcecode.swift; path = SearchBarView.swift; sourceTree = "<group>"; };
		B223B37E2A15498F00708DC8 /* MovieSearchState.swift */ = {isa = PBXFileReference; lastKnownFileType = sourcecode.swift; path = MovieSearchState.swift; sourceTree = "<group>"; };
		B223B3802A16609F00708DC8 /* AlanSDK.xcframework */ = {isa = PBXFileReference; lastKnownFileType = wrapper.xcframework; path = AlanSDK.xcframework; sourceTree = "<group>"; };
		B223B3852A16619400708DC8 /* imdb-project-Info.plist */ = {isa = PBXFileReference; lastKnownFileType = text.plist; path = "imdb-project-Info.plist"; sourceTree = SOURCE_ROOT; };
		B223B3872A16656D00708DC8 /* Alan+UIApplication.swift */ = {isa = PBXFileReference; lastKnownFileType = sourcecode.swift; path = "Alan+UIApplication.swift"; sourceTree = "<group>"; };
/* End PBXFileReference section */

/* Begin PBXFrameworksBuildPhase section */
		B223B3372A13B6F100708DC8 /* Frameworks */ = {
			isa = PBXFrameworksBuildPhase;
			buildActionMask = 2147483647;
			files = (
				B223B3822A1660BF00708DC8 /* AlanSDK.xcframework in Frameworks */,
			);
			runOnlyForDeploymentPostprocessing = 0;
		};
/* End PBXFrameworksBuildPhase section */

/* Begin PBXGroup section */
		B223B3312A13B6F100708DC8 = {
			isa = PBXGroup;
			children = (
				B223B3862A16655600708DC8 /* Alan */,
				B223B33C2A13B6F100708DC8 /* imdb_project */,
				B223B33B2A13B6F100708DC8 /* Products */,
			);
			sourceTree = "<group>";
		};
		B223B33B2A13B6F100708DC8 /* Products */ = {
			isa = PBXGroup;
			children = (
				B223B33A2A13B6F100708DC8 /* imdb_project.app */,
			);
			name = Products;
			sourceTree = "<group>";
		};
		B223B33C2A13B6F100708DC8 /* imdb_project */ = {
			isa = PBXGroup;
			children = (
				B223B3852A16619400708DC8 /* imdb-project-Info.plist */,
				B223B3622A13EE6300708DC8 /* Bindings */,
				B223B35F2A13EDF400708DC8 /* Views */,
				B223B3582A13EBCC00708DC8 /* Resources */,
				B223B34E2A13C43700708DC8 /* Services */,
				B223B34B2A13BEA200708DC8 /* Models */,
				B223B33D2A13B6F100708DC8 /* imdb_projectApp.swift */,
				B223B33F2A13B6F100708DC8 /* ContentView.swift */,
				B223B3532A13CF0500708DC8 /* Utils.swift */,
				B223B3412A13B6F300708DC8 /* Assets.xcassets */,
				B223B3432A13B6F300708DC8 /* Preview Content */,
			);
			path = imdb_project;
			sourceTree = "<group>";
		};
		B223B3432A13B6F300708DC8 /* Preview Content */ = {
			isa = PBXGroup;
			children = (
				B223B3442A13B6F300708DC8 /* Preview Assets.xcassets */,
			);
			path = "Preview Content";
			sourceTree = "<group>";
		};
		B223B34B2A13BEA200708DC8 /* Models */ = {
			isa = PBXGroup;
			children = (
				B223B34C2A13C3B300708DC8 /* Movie.swift */,
				B223B3562A13EBAE00708DC8 /* Movie+Stub.swift */,
			);
			path = Models;
			sourceTree = "<group>";
		};
		B223B34E2A13C43700708DC8 /* Services */ = {
			isa = PBXGroup;
			children = (
				B223B34F2A13C44A00708DC8 /* MovieService.swift */,
				B223B3512A13C73F00708DC8 /* MovieStore.swift */,
			);
			path = Services;
			sourceTree = "<group>";
		};
		B223B3582A13EBCC00708DC8 /* Resources */ = {
			isa = PBXGroup;
			children = (
				B223B3592A13EC2800708DC8 /* movie_info.json */,
				B223B35B2A13EC4600708DC8 /* movie_list.json */,
				B223B35D2A13EC6000708DC8 /* search_movie.json */,
			);
			path = Resources;
			sourceTree = "<group>";
		};
		B223B35F2A13EDF400708DC8 /* Views */ = {
			isa = PBXGroup;
			children = (
				B223B36F2A13FA7B00708DC8 /* UIKit Views */,
				B223B3602A13EE1000708DC8 /* MovieBackdropCard.swift */,
				B223B3652A13F21200708DC8 /* MovieBackdropCarouselView.swift */,
				B223B3672A13F3DF00708DC8 /* MoviePosterCard.swift */,
				B223B3692A13F67000708DC8 /* MoviePosterCarouselView.swift */,
				B223B36B2A13F7C400708DC8 /* MovieListView.swift */,
				B223B3722A13FB3800708DC8 /* LoadingView.swift */,
				B223B3742A14072500708DC8 /* MovieDetailView.swift */,
				B223B37A2A1547E500708DC8 /* MovieSearchView.swift */,
			);
			path = Views;
			sourceTree = "<group>";
		};
		B223B3622A13EE6300708DC8 /* Bindings */ = {
			isa = PBXGroup;
			children = (
				B223B3632A13EE7700708DC8 /* ImageLoader.swift */,
				B223B36D2A13F7E600708DC8 /* MovieListState.swift */,
				B223B3762A14075400708DC8 /* MovieDetailState.swift */,
				B223B37E2A15498F00708DC8 /* MovieSearchState.swift */,
			);
			path = Bindings;
			sourceTree = "<group>";
		};
		B223B36F2A13FA7B00708DC8 /* UIKit Views */ = {
			isa = PBXGroup;
			children = (
				B223B3702A13FAA900708DC8 /* ActivityIndicatorView.swift */,
				B223B3782A1543BA00708DC8 /* SafariView.swift */,
				B223B37C2A15482200708DC8 /* SearchBarView.swift */,
			);
			path = "UIKit Views";
			sourceTree = "<group>";
		};
		B223B3862A16655600708DC8 /* Alan */ = {
			isa = PBXGroup;
			children = (
				B223B3802A16609F00708DC8 /* AlanSDK.xcframework */,
				B223B3872A16656D00708DC8 /* Alan+UIApplication.swift */,
			);
			path = Alan;
			sourceTree = "<group>";
		};
/* End PBXGroup section */

/* Begin PBXNativeTarget section */
		B223B3392A13B6F100708DC8 /* imdb_project */ = {
			isa = PBXNativeTarget;
			buildConfigurationList = B223B3482A13B6F300708DC8 /* Build configuration list for PBXNativeTarget "imdb_project" */;
			buildPhases = (
				B223B3362A13B6F100708DC8 /* Sources */,
				B223B3372A13B6F100708DC8 /* Frameworks */,
				B223B3382A13B6F100708DC8 /* Resources */,
				B223B3842A1660BF00708DC8 /* Embed Frameworks */,
			);
			buildRules = (
			);
			dependencies = (
			);
			name = imdb_project;
			productName = imdb_project;
			productReference = B223B33A2A13B6F100708DC8 /* imdb_project.app */;
			productType = "com.apple.product-type.application";
		};
/* End PBXNativeTarget section */

/* Begin PBXProject section */
		B223B3322A13B6F100708DC8 /* Project object */ = {
			isa = PBXProject;
			attributes = {
				BuildIndependentTargetsInParallel = 1;
				LastSwiftUpdateCheck = 1430;
				LastUpgradeCheck = 1430;
				TargetAttributes = {
					B223B3392A13B6F100708DC8 = {
						CreatedOnToolsVersion = 14.3;
					};
				};
			};
			buildConfigurationList = B223B3352A13B6F100708DC8 /* Build configuration list for PBXProject "imdb_project" */;
			compatibilityVersion = "Xcode 14.0";
			developmentRegion = en;
			hasScannedForEncodings = 0;
			knownRegions = (
				en,
				Base,
			);
			mainGroup = B223B3312A13B6F100708DC8;
			productRefGroup = B223B33B2A13B6F100708DC8 /* Products */;
			projectDirPath = "";
			projectRoot = "";
			targets = (
				B223B3392A13B6F100708DC8 /* imdb_project */,
			);
		};
/* End PBXProject section */

/* Begin PBXResourcesBuildPhase section */
		B223B3382A13B6F100708DC8 /* Resources */ = {
			isa = PBXResourcesBuildPhase;
			buildActionMask = 2147483647;
			files = (
				B223B3452A13B6F300708DC8 /* Preview Assets.xcassets in Resources */,
				B223B35A2A13EC2800708DC8 /* movie_info.json in Resources */,
				B223B35C2A13EC4600708DC8 /* movie_list.json in Resources */,
				B223B35E2A13EC6000708DC8 /* search_movie.json in Resources */,
				B223B3422A13B6F300708DC8 /* Assets.xcassets in Resources */,
			);
			runOnlyForDeploymentPostprocessing = 0;
		};
/* End PBXResourcesBuildPhase section */

/* Begin PBXSourcesBuildPhase section */
		B223B3362A13B6F100708DC8 /* Sources */ = {
			isa = PBXSourcesBuildPhase;
			buildActionMask = 2147483647;
			files = (
				B223B3402A13B6F100708DC8 /* ContentView.swift in Sources */,
				B223B33E2A13B6F100708DC8 /* imdb_projectApp.swift in Sources */,
				B223B3612A13EE1000708DC8 /* MovieBackdropCard.swift in Sources */,
				B223B3772A14075400708DC8 /* MovieDetailState.swift in Sources */,
				B223B37F2A15498F00708DC8 /* MovieSearchState.swift in Sources */,
				B223B3502A13C44A00708DC8 /* MovieService.swift in Sources */,
				B223B37B2A1547E500708DC8 /* MovieSearchView.swift in Sources */,
				B223B3682A13F3DF00708DC8 /* MoviePosterCard.swift in Sources */,
				B223B3732A13FB3800708DC8 /* LoadingView.swift in Sources */,
				B223B3572A13EBAE00708DC8 /* Movie+Stub.swift in Sources */,
				B223B3712A13FAA900708DC8 /* ActivityIndicatorView.swift in Sources */,
				B223B37D2A15482200708DC8 /* SearchBarView.swift in Sources */,
				B223B3882A16656D00708DC8 /* Alan+UIApplication.swift in Sources */,
				B223B36E2A13F7E600708DC8 /* MovieListState.swift in Sources */,
				B223B36A2A13F67000708DC8 /* MoviePosterCarouselView.swift in Sources */,
				B223B3642A13EE7700708DC8 /* ImageLoader.swift in Sources */,
				B223B3792A1543BA00708DC8 /* SafariView.swift in Sources */,
				B223B34D2A13C3B300708DC8 /* Movie.swift in Sources */,
				B223B3662A13F21200708DC8 /* MovieBackdropCarouselView.swift in Sources */,
				B223B36C2A13F7C400708DC8 /* MovieListView.swift in Sources */,
				B223B3752A14072500708DC8 /* MovieDetailView.swift in Sources */,
				B223B3522A13C73F00708DC8 /* MovieStore.swift in Sources */,
				B223B3542A13CF0500708DC8 /* Utils.swift in Sources */,
			);
			runOnlyForDeploymentPostprocessing = 0;
		};
/* End PBXSourcesBuildPhase section */

/* Begin XCBuildConfiguration section */
		B223B3462A13B6F300708DC8 /* Debug */ = {
			isa = XCBuildConfiguration;
			buildSettings = {
				ALWAYS_SEARCH_USER_PATHS = NO;
				CLANG_ANALYZER_NONNULL = YES;
				CLANG_ANALYZER_NUMBER_OBJECT_CONVERSION = YES_AGGRESSIVE;
				CLANG_CXX_LANGUAGE_STANDARD = "gnu++20";
				CLANG_ENABLE_MODULES = YES;
				CLANG_ENABLE_OBJC_ARC = YES;
				CLANG_ENABLE_OBJC_WEAK = YES;
				CLANG_WARN_BLOCK_CAPTURE_AUTORELEASING = YES;
				CLANG_WARN_BOOL_CONVERSION = YES;
				CLANG_WARN_COMMA = YES;
				CLANG_WARN_CONSTANT_CONVERSION = YES;
				CLANG_WARN_DEPRECATED_OBJC_IMPLEMENTATIONS = YES;
				CLANG_WARN_DIRECT_OBJC_ISA_USAGE = YES_ERROR;
				CLANG_WARN_DOCUMENTATION_COMMENTS = YES;
				CLANG_WARN_EMPTY_BODY = YES;
				CLANG_WARN_ENUM_CONVERSION = YES;
				CLANG_WARN_INFINITE_RECURSION = YES;
				CLANG_WARN_INT_CONVERSION = YES;
				CLANG_WARN_NON_LITERAL_NULL_CONVERSION = YES;
				CLANG_WARN_OBJC_IMPLICIT_RETAIN_SELF = YES;
				CLANG_WARN_OBJC_LITERAL_CONVERSION = YES;
				CLANG_WARN_OBJC_ROOT_CLASS = YES_ERROR;
				CLANG_WARN_QUOTED_INCLUDE_IN_FRAMEWORK_HEADER = YES;
				CLANG_WARN_RANGE_LOOP_ANALYSIS = YES;
				CLANG_WARN_STRICT_PROTOTYPES = YES;
				CLANG_WARN_SUSPICIOUS_MOVE = YES;
				CLANG_WARN_UNGUARDED_AVAILABILITY = YES_AGGRESSIVE;
				CLANG_WARN_UNREACHABLE_CODE = YES;
				CLANG_WARN__DUPLICATE_METHOD_MATCH = YES;
				COPY_PHASE_STRIP = NO;
				DEBUG_INFORMATION_FORMAT = dwarf;
				ENABLE_STRICT_OBJC_MSGSEND = YES;
				ENABLE_TESTABILITY = YES;
				GCC_C_LANGUAGE_STANDARD = gnu11;
				GCC_DYNAMIC_NO_PIC = NO;
				GCC_NO_COMMON_BLOCKS = YES;
				GCC_OPTIMIZATION_LEVEL = 0;
				GCC_PREPROCESSOR_DEFINITIONS = (
					"DEBUG=1",
					"$(inherited)",
				);
				GCC_WARN_64_TO_32_BIT_CONVERSION = YES;
				GCC_WARN_ABOUT_RETURN_TYPE = YES_ERROR;
				GCC_WARN_UNDECLARED_SELECTOR = YES;
				GCC_WARN_UNINITIALIZED_AUTOS = YES_AGGRESSIVE;
				GCC_WARN_UNUSED_FUNCTION = YES;
				GCC_WARN_UNUSED_VARIABLE = YES;
				IPHONEOS_DEPLOYMENT_TARGET = 16.4;
				MTL_ENABLE_DEBUG_INFO = INCLUDE_SOURCE;
				MTL_FAST_MATH = YES;
				ONLY_ACTIVE_ARCH = YES;
				SDKROOT = iphoneos;
				SWIFT_ACTIVE_COMPILATION_CONDITIONS = DEBUG;
				SWIFT_OPTIMIZATION_LEVEL = "-Onone";
			};
			name = Debug;
		};
		B223B3472A13B6F300708DC8 /* Release */ = {
			isa = XCBuildConfiguration;
			buildSettings = {
				ALWAYS_SEARCH_USER_PATHS = NO;
				CLANG_ANALYZER_NONNULL = YES;
				CLANG_ANALYZER_NUMBER_OBJECT_CONVERSION = YES_AGGRESSIVE;
				CLANG_CXX_LANGUAGE_STANDARD = "gnu++20";
				CLANG_ENABLE_MODULES = YES;
				CLANG_ENABLE_OBJC_ARC = YES;
				CLANG_ENABLE_OBJC_WEAK = YES;
				CLANG_WARN_BLOCK_CAPTURE_AUTORELEASING = YES;
				CLANG_WARN_BOOL_CONVERSION = YES;
				CLANG_WARN_COMMA = YES;
				CLANG_WARN_CONSTANT_CONVERSION = YES;
				CLANG_WARN_DEPRECATED_OBJC_IMPLEMENTATIONS = YES;
				CLANG_WARN_DIRECT_OBJC_ISA_USAGE = YES_ERROR;
				CLANG_WARN_DOCUMENTATION_COMMENTS = YES;
				CLANG_WARN_EMPTY_BODY = YES;
				CLANG_WARN_ENUM_CONVERSION = YES;
				CLANG_WARN_INFINITE_RECURSION = YES;
				CLANG_WARN_INT_CONVERSION = YES;
				CLANG_WARN_NON_LITERAL_NULL_CONVERSION = YES;
				CLANG_WARN_OBJC_IMPLICIT_RETAIN_SELF = YES;
				CLANG_WARN_OBJC_LITERAL_CONVERSION = YES;
				CLANG_WARN_OBJC_ROOT_CLASS = YES_ERROR;
				CLANG_WARN_QUOTED_INCLUDE_IN_FRAMEWORK_HEADER = YES;
				CLANG_WARN_RANGE_LOOP_ANALYSIS = YES;
				CLANG_WARN_STRICT_PROTOTYPES = YES;
				CLANG_WARN_SUSPICIOUS_MOVE = YES;
				CLANG_WARN_UNGUARDED_AVAILABILITY = YES_AGGRESSIVE;
				CLANG_WARN_UNREACHABLE_CODE = YES;
				CLANG_WARN__DUPLICATE_METHOD_MATCH = YES;
				COPY_PHASE_STRIP = NO;
				DEBUG_INFORMATION_FORMAT = "dwarf-with-dsym";
				ENABLE_NS_ASSERTIONS = NO;
				ENABLE_STRICT_OBJC_MSGSEND = YES;
				GCC_C_LANGUAGE_STANDARD = gnu11;
				GCC_NO_COMMON_BLOCKS = YES;
				GCC_WARN_64_TO_32_BIT_CONVERSION = YES;
				GCC_WARN_ABOUT_RETURN_TYPE = YES_ERROR;
				GCC_WARN_UNDECLARED_SELECTOR = YES;
				GCC_WARN_UNINITIALIZED_AUTOS = YES_AGGRESSIVE;
				GCC_WARN_UNUSED_FUNCTION = YES;
				GCC_WARN_UNUSED_VARIABLE = YES;
				IPHONEOS_DEPLOYMENT_TARGET = 16.4;
				MTL_ENABLE_DEBUG_INFO = NO;
				MTL_FAST_MATH = YES;
				SDKROOT = iphoneos;
				SWIFT_COMPILATION_MODE = wholemodule;
				SWIFT_OPTIMIZATION_LEVEL = "-O";
				VALIDATE_PRODUCT = YES;
			};
			name = Release;
		};
		B223B3492A13B6F300708DC8 /* Debug */ = {
			isa = XCBuildConfiguration;
			buildSettings = {
				ASSETCATALOG_COMPILER_APPICON_NAME = AppIcon;
				ASSETCATALOG_COMPILER_GLOBAL_ACCENT_COLOR_NAME = AccentColor;
				CODE_SIGN_STYLE = Automatic;
				CURRENT_PROJECT_VERSION = 1;
				DEVELOPMENT_ASSET_PATHS = "\"imdb_project/Preview Content\"";
				DEVELOPMENT_TEAM = N4L46RJZFA;
				ENABLE_PREVIEWS = YES;
				GENERATE_INFOPLIST_FILE = YES;
				INFOPLIST_FILE = "imdb-project-Info.plist";
				INFOPLIST_KEY_NSCameraUsageDescription = "This app requires access to your camera to enable testing Alan, the voice assistant.";
				INFOPLIST_KEY_NSMicrophoneUsageDescription = "This app requires access to your microphone to enable its voice assistant.";
				INFOPLIST_KEY_UIApplicationSupportsIndirectInputEvents = YES;
				INFOPLIST_KEY_UILaunchScreen_Generation = YES;
				INFOPLIST_KEY_UISupportedInterfaceOrientations_iPad = "UIInterfaceOrientationPortrait UIInterfaceOrientationPortraitUpsideDown UIInterfaceOrientationLandscapeLeft UIInterfaceOrientationLandscapeRight";
				INFOPLIST_KEY_UISupportedInterfaceOrientations_iPhone = "UIInterfaceOrientationPortrait UIInterfaceOrientationLandscapeLeft UIInterfaceOrientationLandscapeRight";
				LD_RUNPATH_SEARCH_PATHS = (
					"$(inherited)",
					"@executable_path/Frameworks",
				);
				MARKETING_VERSION = 1.0;
				PRODUCT_BUNDLE_IDENTIFIER = "com.letguilhermec.imdb-project";
				PRODUCT_NAME = "$(TARGET_NAME)";
				SWIFT_EMIT_LOC_STRINGS = YES;
				SWIFT_VERSION = 5.0;
				TARGETED_DEVICE_FAMILY = "1,2";
			};
			name = Debug;
		};
		B223B34A2A13B6F300708DC8 /* Release */ = {
			isa = XCBuildConfiguration;
			buildSettings = {
				ASSETCATALOG_COMPILER_APPICON_NAME = AppIcon;
				ASSETCATALOG_COMPILER_GLOBAL_ACCENT_COLOR_NAME = AccentColor;
				CODE_SIGN_STYLE = Automatic;
				CURRENT_PROJECT_VERSION = 1;
				DEVELOPMENT_ASSET_PATHS = "\"imdb_project/Preview Content\"";
				DEVELOPMENT_TEAM = N4L46RJZFA;
				ENABLE_PREVIEWS = YES;
				GENERATE_INFOPLIST_FILE = YES;
				INFOPLIST_FILE = "imdb-project-Info.plist";
				INFOPLIST_KEY_NSCameraUsageDescription = "This app requires access to your camera to enable testing Alan, the voice assistant.";
				INFOPLIST_KEY_NSMicrophoneUsageDescription = "This app requires access to your microphone to enable its voice assistant.";
				INFOPLIST_KEY_UIApplicationSupportsIndirectInputEvents = YES;
				INFOPLIST_KEY_UILaunchScreen_Generation = YES;
				INFOPLIST_KEY_UISupportedInterfaceOrientations_iPad = "UIInterfaceOrientationPortrait UIInterfaceOrientationPortraitUpsideDown UIInterfaceOrientationLandscapeLeft UIInterfaceOrientationLandscapeRight";
				INFOPLIST_KEY_UISupportedInterfaceOrientations_iPhone = "UIInterfaceOrientationPortrait UIInterfaceOrientationLandscapeLeft UIInterfaceOrientationLandscapeRight";
				LD_RUNPATH_SEARCH_PATHS = (
					"$(inherited)",
					"@executable_path/Frameworks",
				);
				MARKETING_VERSION = 1.0;
				PRODUCT_BUNDLE_IDENTIFIER = "com.letguilhermec.imdb-project";
				PRODUCT_NAME = "$(TARGET_NAME)";
				SWIFT_EMIT_LOC_STRINGS = YES;
				SWIFT_VERSION = 5.0;
				TARGETED_DEVICE_FAMILY = "1,2";
			};
			name = Release;
		};
/* End XCBuildConfiguration section */

/* Begin XCConfigurationList section */
		B223B3352A13B6F100708DC8 /* Build configuration list for PBXProject "imdb_project" */ = {
			isa = XCConfigurationList;
			buildConfigurations = (
				B223B3462A13B6F300708DC8 /* Debug */,
				B223B3472A13B6F300708DC8 /* Release */,
			);
			defaultConfigurationIsVisible = 0;
			defaultConfigurationName = Release;
		};
		B223B3482A13B6F300708DC8 /* Build configuration list for PBXNativeTarget "imdb_project" */ = {
			isa = XCConfigurationList;
			buildConfigurations = (
				B223B3492A13B6F300708DC8 /* Debug */,
				B223B34A2A13B6F300708DC8 /* Release */,
			);
			defaultConfigurationIsVisible = 0;
			defaultConfigurationName = Release;
		};
/* End XCConfigurationList section */
	};
	rootObject = B223B3322A13B6F100708DC8 /* Project object */;
}
